
Microsoft Visual Studio Solution File, Format Version 12.00
# Visual Studio Version 17
VisualStudioVersion = 17.11.35219.272
MinimumVisualStudioVersion = 10.0.40219.1
Project("{9A19103F-16F7-4668-BE54-9A1E7A4F7556}") = "Retkon.AdventOfCode.ConsoleApp", "Retkon.AdventOfCode.ConsoleApp\Retkon.AdventOfCode.ConsoleApp.csproj", "{40574F91-50AC-4EC7-945B-73CB4FFAD44F}"
EndProject
Project("{2150E333-8FDC-42A3-9474-1A3956D46DE8}") = "Solution Items", "Solution Items", "{3F557493-616A-403F-BEC5-56F95C0D50C6}"
	ProjectSection(SolutionItems) = preProject
		.gitignore = .gitignore
	EndProjectSection
EndProject
Global
	GlobalSection(SolutionConfigurationPlatforms) = preSolution
		Debug|Any CPU = Debug|Any CPU
		Release|Any CPU = Release|Any CPU
	EndGlobalSection
	GlobalSection(ProjectConfigurationPlatforms) = postSolution
		{40574F91-50AC-4EC7-945B-73CB4FFAD44F}.Debug|Any CPU.ActiveCfg = Debug|Any CPU
		{40574F91-50AC-4EC7-945B-73CB4FFAD44F}.Debug|Any CPU.Build.0 = Debug|Any CPU
		{40574F91-50AC-4EC7-945B-73CB4FFAD44F}.Release|Any CPU.ActiveCfg = Release|Any CPU
		{40574F91-50AC-4EC7-945B-73CB4FFAD44F}.Release|Any CPU.Build.0 = Release|Any CPU
	EndGlobalSection
	GlobalSection(SolutionProperties) = preSolution
		HideSolutionNode = FALSE
	EndGlobalSection
	GlobalSection(ExtensibilityGlobals) = postSolution
		SolutionGuid = {CFEE432A-5383-4B97-BF9D-59BF73BCF88E}
	EndGlobalSection
EndGlobal
